schema: '2.0'
stages:
  prepare:
    cmd: python data_prep.py
    deps:
    - path: data_prep.py
      hash: md5
      md5: f86ce25aac10ded866d67f8bc52808f7
      size: 1082
    params:
      params.yaml:
        prepare.age_threshold: 80
    outs:
    - path: ./outs/prepared_df.csv
      hash: md5
      md5: 883886ae55d2deb5b1128a5bc40eea4d
      size: 478635
  process:
    cmd: python data_process.py
    deps:
    - path: ./outs/prepared_df.csv
      hash: md5
      md5: 883886ae55d2deb5b1128a5bc40eea4d
      size: 478635
    - path: data_process.py
      hash: md5
      md5: 02a463919ff18afc8b4efef3d79a665c
      size: 3424
    params:
      params.yaml:
        process.seed: 20
        process.test_size: 0.35
    outs:
    - path: ./outs/processed_test_X.csv
      hash: md5
      md5: 10bb72f894a9e935527b3e781cd92d0a
      size: 404365
    - path: ./outs/processed_test_y.csv
      hash: md5
      md5: c0f6f5ea6382b41ce38f111e77c57eba
      size: 10496
    - path: ./outs/processed_train_X.csv
      hash: md5
      md5: 917fc2118b8351a945b767993ac572bd
      size: 750549
    - path: ./outs/processed_train_y.csv
      hash: md5
      md5: 33d0330c1ee6fd4cceff72ca26111c6d
      size: 19484
  train:
    cmd: python data_train.py
    deps:
    - path: ./outs/processed_test_X.csv
      hash: md5
      md5: 10bb72f894a9e935527b3e781cd92d0a
      size: 404365
    - path: ./outs/processed_test_y.csv
      hash: md5
      md5: c0f6f5ea6382b41ce38f111e77c57eba
      size: 10496
    - path: ./outs/processed_train_X.csv
      hash: md5
      md5: 917fc2118b8351a945b767993ac572bd
      size: 750549
    - path: ./outs/processed_train_y.csv
      hash: md5
      md5: 33d0330c1ee6fd4cceff72ca26111c6d
      size: 19484
    - path: data_train.py
      hash: md5
      md5: 52ac4e96b6089aa7336da7c4d3125646
      size: 6719
    params:
      params.yaml:
        train.max_depth: 15
        train.n_estimators: 210
    outs:
    - path: ./ROC_curve.png
      hash: md5
      md5: b9ff8e769eb0d1fc9be26c04bf60dd9f
      size: 311112
    - path: ./conf_matrix.png
      hash: md5
      md5: 6de987058309925bfd5f9ae0582c4f79
      size: 117939
    - path: metrics.json
      hash: md5
      md5: ec7b0431014db2bd695ed63aae7460e4
      size: 288
